{
  "name": "rpi-sk6812-native",
  "version": "0.9.1",
  "lockfileVersion": 1,
  "requires": true,
  "dependencies": {
    "@types/node": {
      "version": "7.0.65",
      "resolved": "https://registry.npmjs.org/@types/node/-/node-7.0.65.tgz",
      "integrity": "sha512-iUdyWWikcQnGvIZnYh5ZxnxeREykndA9+iGdo068NGNutibWknDjmmNMq/8cnS1eaTCcgqJsPsFppw3XJWNlUg==",
      "dev": true
    },
    "nan": {
      "version": "2.10.0",
      "resolved": "https://registry.npmjs.org/nan/-/nan-2.10.0.tgz",
      "integrity": "sha512-bAdJv7fBLhWC+/Bls0Oza+mvTaNQtP+1RyhhhvD95pgUJz6XM5IzgmxOkItJ9tkoCiplvAnXI1tNmmUD/eScyA=="
    }
  }
}
